{
  "originHash" : "1e1cb04065ed4b734946e0bed5b38d64c780ab832f53b7f8d6cf17b13b0117fc",
  "pins" : [
    {
      "identity" : "thinkresearch_messenger_ios_swift_sdk",
      "kind" : "remoteSourceControl",
      "location" : "https://github.com/PatientOrderSets/thinkresearch_messenger_ios_swift_sdk.git",
      "state" : {
        "branch" : "master",
        "revision" : "6063b5c5940405db4b7069806beaba586fa3407b"
      }
    }
  ],
  "version" : 3
}
